
Microsoft Visual Studio Solution File, Format Version 12.00
# Visual Studio 15
VisualStudioVersion = 15.0.28307.960
MinimumVisualStudioVersion = 10.0.40219.1
Project("{FAE04EC0-301F-11D3-BF4B-00C04F79EFBC}") = "DurableFanOutFanInApp", "DurableFanOutFanInApp\DurableFanOutFanInApp.csproj", "{8C3EE986-9752-43AD-B3C2-8C5B013512AD}"
EndProject
Global
	GlobalSection(SolutionConfigurationPlatforms) = preSolution
		Debug|Any CPU = Debug|Any CPU
		Release|Any CPU = Release|Any CPU
	EndGlobalSection
	GlobalSection(ProjectConfigurationPlatforms) = postSolution
		{8C3EE986-9752-43AD-B3C2-8C5B013512AD}.Debug|Any CPU.ActiveCfg = Debug|Any CPU
		{8C3EE986-9752-43AD-B3C2-8C5B013512AD}.Debug|Any CPU.Build.0 = Debug|Any CPU
		{8C3EE986-9752-43AD-B3C2-8C5B013512AD}.Release|Any CPU.ActiveCfg = Release|Any CPU
		{8C3EE986-9752-43AD-B3C2-8C5B013512AD}.Release|Any CPU.Build.0 = Release|Any CPU
	EndGlobalSection
	GlobalSection(SolutionProperties) = preSolution
		HideSolutionNode = FALSE
	EndGlobalSection
	GlobalSection(ExtensibilityGlobals) = postSolution
		SolutionGuid = {136883DB-9AA4-4AF3-AAD2-68A846363E24}
	EndGlobalSection
EndGlobal
